
Microsoft Visual Studio Solution File, Format Version 12.00
# Visual Studio Version 17
VisualStudioVersion = 17.11.35208.52
MinimumVisualStudioVersion = 10.0.40219.1
Project("{FAE04EC0-301F-11D3-BF4B-00C04F79EFBC}") = "gRPCClientBasedDotnetFramework", "gRPCClientBasedDotnetFramework.csproj", "{9985E412-08F9-462C-9F88-A30B6F38260C}"
EndProject
Global
	GlobalSection(SolutionConfigurationPlatforms) = preSolution
		Debug|Any CPU = Debug|Any CPU
		Release|Any CPU = Release|Any CPU
	EndGlobalSection
	GlobalSection(ProjectConfigurationPlatforms) = postSolution
		{9985E412-08F9-462C-9F88-A30B6F38260C}.Debug|Any CPU.ActiveCfg = Debug|Any CPU
		{9985E412-08F9-462C-9F88-A30B6F38260C}.Debug|Any CPU.Build.0 = Debug|Any CPU
		{9985E412-08F9-462C-9F88-A30B6F38260C}.Release|Any CPU.ActiveCfg = Release|Any CPU
		{9985E412-08F9-462C-9F88-A30B6F38260C}.Release|Any CPU.Build.0 = Release|Any CPU
	EndGlobalSection
	GlobalSection(SolutionProperties) = preSolution
		HideSolutionNode = FALSE
	EndGlobalSection
	GlobalSection(ExtensibilityGlobals) = postSolution
		SolutionGuid = {697B70FD-5788-4CEE-9DED-1D06D243EF6F}
	EndGlobalSection
EndGlobal
